
Microsoft Visual Studio Solution File, Format Version 12.00
# Visual Studio 15
VisualStudioVersion = 15.0.28307.1831
MinimumVisualStudioVersion = 10.0.40219.1
Project("{FAE04EC0-301F-11D3-BF4B-00C04F79EFBC}") = "apnf", "apnf\apnf.csproj", "{FE4EB338-B0B4-4374-B210-92C345563196}"
EndProject
Global
	GlobalSection(SolutionConfigurationPlatforms) = preSolution
		Debug|Any CPU = Debug|Any CPU
		Release|Any CPU = Release|Any CPU
	EndGlobalSection
	GlobalSection(ProjectConfigurationPlatforms) = postSolution
		{FE4EB338-B0B4-4374-B210-92C345563196}.Debug|Any CPU.ActiveCfg = Debug|Any CPU
		{FE4EB338-B0B4-4374-B210-92C345563196}.Debug|Any CPU.Build.0 = Debug|Any CPU
		{FE4EB338-B0B4-4374-B210-92C345563196}.Release|Any CPU.ActiveCfg = Release|Any CPU
		{FE4EB338-B0B4-4374-B210-92C345563196}.Release|Any CPU.Build.0 = Release|Any CPU
	EndGlobalSection
	GlobalSection(SolutionProperties) = preSolution
		HideSolutionNode = FALSE
	EndGlobalSection
	GlobalSection(ExtensibilityGlobals) = postSolution
		SolutionGuid = {D1ED9A34-915F-437D-AE67-A44C5D1283C0}
	EndGlobalSection
EndGlobal
